
Microsoft Visual Studio Solution File, Format Version 12.00
# Visual Studio Version 16
VisualStudioVersion = 16.0.32510.428
MinimumVisualStudioVersion = 10.0.40219.1
Project("{FAE04EC0-301F-11D3-BF4B-00C04F79EFBC}") = "AppListaClientes.MVC", "AppListaClientes.MVC\AppListaClientes.MVC.csproj", "{F3FED43F-11F6-4CA0-818E-E38E4B9E9B37}"
EndProject
Global
	GlobalSection(SolutionConfigurationPlatforms) = preSolution
		Debug|Any CPU = Debug|Any CPU
		Release|Any CPU = Release|Any CPU
	EndGlobalSection
	GlobalSection(ProjectConfigurationPlatforms) = postSolution
		{F3FED43F-11F6-4CA0-818E-E38E4B9E9B37}.Debug|Any CPU.ActiveCfg = Debug|Any CPU
		{F3FED43F-11F6-4CA0-818E-E38E4B9E9B37}.Debug|Any CPU.Build.0 = Debug|Any CPU
		{F3FED43F-11F6-4CA0-818E-E38E4B9E9B37}.Release|Any CPU.ActiveCfg = Release|Any CPU
		{F3FED43F-11F6-4CA0-818E-E38E4B9E9B37}.Release|Any CPU.Build.0 = Release|Any CPU
	EndGlobalSection
	GlobalSection(SolutionProperties) = preSolution
		HideSolutionNode = FALSE
	EndGlobalSection
	GlobalSection(ExtensibilityGlobals) = postSolution
		SolutionGuid = {63280831-B7D0-47CE-BC97-9FB4F4BF3B50}
	EndGlobalSection
EndGlobal
